
Microsoft Visual Studio Solution File, Format Version 12.00
# Visual Studio Version 17
VisualStudioVersion = 17.5.002.0
MinimumVisualStudioVersion = 10.0.40219.1
Project("{9A19103F-16F7-4668-BE54-9A1E7A4F7556}") = "ClothesVirtualStore.Api.Token", "ClothesVirtualStore.Api.Token.csproj", "{09FA4893-C2B7-458A-A0E6-F51AD1B93ABA}"
EndProject
Global
	GlobalSection(SolutionConfigurationPlatforms) = preSolution
		Debug|Any CPU = Debug|Any CPU
		Release|Any CPU = Release|Any CPU
	EndGlobalSection
	GlobalSection(ProjectConfigurationPlatforms) = postSolution
		{09FA4893-C2B7-458A-A0E6-F51AD1B93ABA}.Debug|Any CPU.ActiveCfg = Debug|Any CPU
		{09FA4893-C2B7-458A-A0E6-F51AD1B93ABA}.Debug|Any CPU.Build.0 = Debug|Any CPU
		{09FA4893-C2B7-458A-A0E6-F51AD1B93ABA}.Release|Any CPU.ActiveCfg = Release|Any CPU
		{09FA4893-C2B7-458A-A0E6-F51AD1B93ABA}.Release|Any CPU.Build.0 = Release|Any CPU
	EndGlobalSection
	GlobalSection(SolutionProperties) = preSolution
		HideSolutionNode = FALSE
	EndGlobalSection
	GlobalSection(ExtensibilityGlobals) = postSolution
		SolutionGuid = {62400AA6-8381-4331-ACBA-DB81C917624A}
	EndGlobalSection
EndGlobal
